// !$*UTF8*$!
{
	archiveVersion = 1;
	classes = {
	};
	objectVersion = 50;
	objects = {

/* Begin PBXBuildFile section */
		EEDFCD8925591A71003E2F45 /* AppDelegate.swift in Sources */ = {isa = PBXBuildFile; fileRef = EEDFCD8825591A71003E2F45 /* AppDelegate.swift */; };
		EEDFCD8B25591A71003E2F45 /* SceneDelegate.swift in Sources */ = {isa = PBXBuildFile; fileRef = EEDFCD8A25591A71003E2F45 /* SceneDelegate.swift */; };
		EEDFCD8D25591A71003E2F45 /* ViewController.swift in Sources */ = {isa = PBXBuildFile; fileRef = EEDFCD8C25591A71003E2F45 /* ViewController.swift */; };
		EEDFCD9025591A71003E2F45 /* Main.storyboard in Resources */ = {isa = PBXBuildFile; fileRef = EEDFCD8E25591A71003E2F45 /* Main.storyboard */; };
		EEDFCD9225591A76003E2F45 /* Assets.xcassets in Resources */ = {isa = PBXBuildFile; fileRef = EEDFCD9125591A76003E2F45 /* Assets.xcassets */; };
		EEDFCD9525591A76003E2F45 /* LaunchScreen.storyboard in Resources */ = {isa = PBXBuildFile; fileRef = EEDFCD9325591A76003E2F45 /* LaunchScreen.storyboard */; };
		EEDFCD9F255928D4003E2F45 /* constants.swift in Sources */ = {isa = PBXBuildFile; fileRef = EEDFCD9E255928D4003E2F45 /* constants.swift */; };
		EEDFCDA125592D15003E2F45 /* Video.swift in Sources */ = {isa = PBXBuildFile; fileRef = EEDFCDA025592D15003E2F45 /* Video.swift */; };
		EEDFCDA325592DAC003E2F45 /* Model.swift in Sources */ = {isa = PBXBuildFile; fileRef = EEDFCDA225592DAC003E2F45 /* Model.swift */; };
/* End PBXBuildFile section */

/* Begin PBXFileReference section */
		EEDFCD8525591A71003E2F45 /* YT-APP.app */ = {isa = PBXFileReference; explicitFileType = wrapper.application; includeInIndex = 0; path = "YT-APP.app"; sourceTree = BUILT_PRODUCTS_DIR; };
		EEDFCD8825591A71003E2F45 /* AppDelegate.swift */ = {isa = PBXFileReference; lastKnownFileType = sourcecode.swift; path = AppDelegate.swift; sourceTree = "<group>"; };
		EEDFCD8A25591A71003E2F45 /* SceneDelegate.swift */ = {isa = PBXFileReference; lastKnownFileType = sourcecode.swift; path = SceneDelegate.swift; sourceTree = "<group>"; };
		EEDFCD8C25591A71003E2F45 /* ViewController.swift */ = {isa = PBXFileReference; lastKnownFileType = sourcecode.swift; path = ViewController.swift; sourceTree = "<group>"; };
		EEDFCD8F25591A71003E2F45 /* Base */ = {isa = PBXFileReference; lastKnownFileType = file.storyboard; name = Base; path = Base.lproj/Main.storyboard; sourceTree = "<group>"; };
		EEDFCD9125591A76003E2F45 /* Assets.xcassets */ = {isa = PBXFileReference; lastKnownFileType = folder.assetcatalog; path = Assets.xcassets; sourceTree = "<group>"; };
		EEDFCD9425591A76003E2F45 /* Base */ = {isa = PBXFileReference; lastKnownFileType = file.storyboard; name = Base; path = Base.lproj/LaunchScreen.storyboard; sourceTree = "<group>"; };
		EEDFCD9625591A76003E2F45 /* Info.plist */ = {isa = PBXFileReference; lastKnownFileType = text.plist.xml; path = Info.plist; sourceTree = "<group>"; };
		EEDFCD9E255928D4003E2F45 /* constants.swift */ = {isa = PBXFileReference; lastKnownFileType = sourcecode.swift; path = constants.swift; sourceTree = "<group>"; };
		EEDFCDA025592D15003E2F45 /* Video.swift */ = {isa = PBXFileReference; lastKnownFileType = sourcecode.swift; path = Video.swift; sourceTree = "<group>"; };
		EEDFCDA225592DAC003E2F45 /* Model.swift */ = {isa = PBXFileReference; lastKnownFileType = sourcecode.swift; path = Model.swift; sourceTree = "<group>"; };
/* End PBXFileReference section */

/* Begin PBXFrameworksBuildPhase section */
		EEDFCD8225591A71003E2F45 /* Frameworks */ = {
			isa = PBXFrameworksBuildPhase;
			buildActionMask = 2147483647;
			files = (
			);
			runOnlyForDeploymentPostprocessing = 0;
		};
/* End PBXFrameworksBuildPhase section */

/* Begin PBXGroup section */
		EEDFCD7C25591A71003E2F45 = {
			isa = PBXGroup;
			children = (
				EEDFCD8725591A71003E2F45 /* YT-APP */,
				EEDFCD8625591A71003E2F45 /* Products */,
			);
			sourceTree = "<group>";
		};
		EEDFCD8625591A71003E2F45 /* Products */ = {
			isa = PBXGroup;
			children = (
				EEDFCD8525591A71003E2F45 /* YT-APP.app */,
			);
			name = Products;
			sourceTree = "<group>";
		};
		EEDFCD8725591A71003E2F45 /* YT-APP */ = {
			isa = PBXGroup;
			children = (
				EEDFCD8825591A71003E2F45 /* AppDelegate.swift */,
				EEDFCD8A25591A71003E2F45 /* SceneDelegate.swift */,
				EEDFCD8C25591A71003E2F45 /* ViewController.swift */,
				EEDFCD8E25591A71003E2F45 /* Main.storyboard */,
				EEDFCD9125591A76003E2F45 /* Assets.xcassets */,
				EEDFCD9325591A76003E2F45 /* LaunchScreen.storyboard */,
				EEDFCD9625591A76003E2F45 /* Info.plist */,
				EEDFCD9E255928D4003E2F45 /* constants.swift */,
				EEDFCDA025592D15003E2F45 /* Video.swift */,
				EEDFCDA225592DAC003E2F45 /* Model.swift */,
			);
			path = "YT-APP";
			sourceTree = "<group>";
		};
/* End PBXGroup section */

/* Begin PBXNativeTarget section */
		EEDFCD8425591A71003E2F45 /* YT-APP */ = {
			isa = PBXNativeTarget;
			buildConfigurationList = EEDFCD9925591A76003E2F45 /* Build configuration list for PBXNativeTarget "YT-APP" */;
			buildPhases = (
				EEDFCD8125591A71003E2F45 /* Sources */,
				EEDFCD8225591A71003E2F45 /* Frameworks */,
				EEDFCD8325591A71003E2F45 /* Resources */,
			);
			buildRules = (
			);
			dependencies = (
			);
			name = "YT-APP";
			productName = "YT-APP";
			productReference = EEDFCD8525591A71003E2F45 /* YT-APP.app */;
			productType = "com.apple.product-type.application";
		};
/* End PBXNativeTarget section */

/* Begin PBXProject section */
		EEDFCD7D25591A71003E2F45 /* Project object */ = {
			isa = PBXProject;
			attributes = {
				LastSwiftUpdateCheck = 1150;
				LastUpgradeCheck = 1150;
				ORGANIZATIONNAME = "JOEL CRAWFORD";
				TargetAttributes = {
					EEDFCD8425591A71003E2F45 = {
						CreatedOnToolsVersion = 11.5;
					};
				};
			};
			buildConfigurationList = EEDFCD8025591A71003E2F45 /* Build configuration list for PBXProject "YT-APP" */;
			compatibilityVersion = "Xcode 9.3";
			developmentRegion = en;
			hasScannedForEncodings = 0;
			knownRegions = (
				en,
				Base,
			);
			mainGroup = EEDFCD7C25591A71003E2F45;
			productRefGroup = EEDFCD8625591A71003E2F45 /* Products */;
			projectDirPath = "";
			projectRoot = "";
			targets = (
				EEDFCD8425591A71003E2F45 /* YT-APP */,
			);
		};
/* End PBXProject section */

/* Begin PBXResourcesBuildPhase section */
		EEDFCD8325591A71003E2F45 /* Resources */ = {
			isa = PBXResourcesBuildPhase;
			buildActionMask = 2147483647;
			files = (
				EEDFCD9525591A76003E2F45 /* LaunchScreen.storyboard in Resources */,
				EEDFCD9225591A76003E2F45 /* Assets.xcassets in Resources */,
				EEDFCD9025591A71003E2F45 /* Main.storyboard in Resources */,
			);
			runOnlyForDeploymentPostprocessing = 0;
		};
/* End PBXResourcesBuildPhase section */

/* Begin PBXSourcesBuildPhase section */
		EEDFCD8125591A71003E2F45 /* Sources */ = {
			isa = PBXSourcesBuildPhase;
			buildActionMask = 2147483647;
			files = (
				EEDFCD8D25591A71003E2F45 /* ViewController.swift in Sources */,
				EEDFCD8925591A71003E2F45 /* AppDelegate.swift in Sources */,
				EEDFCD8B25591A71003E2F45 /* SceneDelegate.swift in Sources */,
				EEDFCDA325592DAC003E2F45 /* Model.swift in Sources */,
				EEDFCD9F255928D4003E2F45 /* constants.swift in Sources */,
				EEDFCDA125592D15003E2F45 /* Video.swift in Sources */,
			);
			runOnlyForDeploymentPostprocessing = 0;
		};
/* End PBXSourcesBuildPhase section */

/* Begin PBXVariantGroup section */
		EEDFCD8E25591A71003E2F45 /* Main.storyboard */ = {
			isa = PBXVariantGroup;
			children = (
				EEDFCD8F25591A71003E2F45 /* Base */,
			);
			name = Main.storyboard;
			sourceTree = "<group>";
		};
		EEDFCD9325591A76003E2F45 /* LaunchScreen.storyboard */ = {
			isa = PBXVariantGroup;
			children = (
				EEDFCD9425591A76003E2F45 /* Base */,
			);
			name = LaunchScreen.storyboard;
			sourceTree = "<group>";
		};
/* End PBXVariantGroup section */

/* Begin XCBuildConfiguration section */
		EEDFCD9725591A76003E2F45 /* Debug */ = {
			isa = XCBuildConfiguration;
			buildSettings = {
				ALWAYS_SEARCH_USER_PATHS = NO;
				CLANG_ANALYZER_NONNULL = YES;
				CLANG_ANALYZER_NUMBER_OBJECT_CONVERSION = YES_AGGRESSIVE;
				CLANG_CXX_LANGUAGE_STANDARD = "gnu++14";
				CLANG_CXX_LIBRARY = "libc++";
				CLANG_ENABLE_MODULES = YES;
				CLANG_ENABLE_OBJC_ARC = YES;
				CLANG_ENABLE_OBJC_WEAK = YES;
				CLANG_WARN_BLOCK_CAPTURE_AUTORELEASING = YES;
				CLANG_WARN_BOOL_CONVERSION = YES;
				CLANG_WARN_COMMA = YES;
				CLANG_WARN_CONSTANT_CONVERSION = YES;
				CLANG_WARN_DEPRECATED_OBJC_IMPLEMENTATIONS = YES;
				CLANG_WARN_DIRECT_OBJC_ISA_USAGE = YES_ERROR;
				CLANG_WARN_DOCUMENTATION_COMMENTS = YES;
				CLANG_WARN_EMPTY_BODY = YES;
				CLANG_WARN_ENUM_CONVERSION = YES;
				CLANG_WARN_INFINITE_RECURSION = YES;
				CLANG_WARN_INT_CONVERSION = YES;
				CLANG_WARN_NON_LITERAL_NULL_CONVERSION = YES;
				CLANG_WARN_OBJC_IMPLICIT_RETAIN_SELF = YES;
				CLANG_WARN_OBJC_LITERAL_CONVERSION = YES;
				CLANG_WARN_OBJC_ROOT_CLASS = YES_ERROR;
				CLANG_WARN_RANGE_LOOP_ANALYSIS = YES;
				CLANG_WARN_STRICT_PROTOTYPES = YES;
				CLANG_WARN_SUSPICIOUS_MOVE = YES;
				CLANG_WARN_UNGUARDED_AVAILABILITY = YES_AGGRESSIVE;
				CLANG_WARN_UNREACHABLE_CODE = YES;
				CLANG_WARN__DUPLICATE_METHOD_MATCH = YES;
				COPY_PHASE_STRIP = NO;
				DEBUG_INFORMATION_FORMAT = dwarf;
				ENABLE_STRICT_OBJC_MSGSEND = YES;
				ENABLE_TESTABILITY = YES;
				GCC_C_LANGUAGE_STANDARD = gnu11;
				GCC_DYNAMIC_NO_PIC = NO;
				GCC_NO_COMMON_BLOCKS = YES;
				GCC_OPTIMIZATION_LEVEL = 0;
				GCC_PREPROCESSOR_DEFINITIONS = (
					"DEBUG=1",
					"$(inherited)",
				);
				GCC_WARN_64_TO_32_BIT_CONVERSION = YES;
				GCC_WARN_ABOUT_RETURN_TYPE = YES_ERROR;
				GCC_WARN_UNDECLARED_SELECTOR = YES;
				GCC_WARN_UNINITIALIZED_AUTOS = YES_AGGRESSIVE;
				GCC_WARN_UNUSED_FUNCTION = YES;
				GCC_WARN_UNUSED_VARIABLE = YES;
				IPHONEOS_DEPLOYMENT_TARGET = 13.5;
				MTL_ENABLE_DEBUG_INFO = INCLUDE_SOURCE;
				MTL_FAST_MATH = YES;
				ONLY_ACTIVE_ARCH = YES;
				SDKROOT = iphoneos;
				SWIFT_ACTIVE_COMPILATION_CONDITIONS = DEBUG;
				SWIFT_OPTIMIZATION_LEVEL = "-Onone";
			};
			name = Debug;
		};
		EEDFCD9825591A76003E2F45 /* Release */ = {
			isa = XCBuildConfiguration;
			buildSettings = {
				ALWAYS_SEARCH_USER_PATHS = NO;
				CLANG_ANALYZER_NONNULL = YES;
				CLANG_ANALYZER_NUMBER_OBJECT_CONVERSION = YES_AGGRESSIVE;
				CLANG_CXX_LANGUAGE_STANDARD = "gnu++14";
				CLANG_CXX_LIBRARY = "libc++";
				CLANG_ENABLE_MODULES = YES;
				CLANG_ENABLE_OBJC_ARC = YES;
				CLANG_ENABLE_OBJC_WEAK = YES;
				CLANG_WARN_BLOCK_CAPTURE_AUTORELEASING = YES;
				CLANG_WARN_BOOL_CONVERSION = YES;
				CLANG_WARN_COMMA = YES;
				CLANG_WARN_CONSTANT_CONVERSION = YES;
				CLANG_WARN_DEPRECATED_OBJC_IMPLEMENTATIONS = YES;
				CLANG_WARN_DIRECT_OBJC_ISA_USAGE = YES_ERROR;
				CLANG_WARN_DOCUMENTATION_COMMENTS = YES;
				CLANG_WARN_EMPTY_BODY = YES;
				CLANG_WARN_ENUM_CONVERSION = YES;
				CLANG_WARN_INFINITE_RECURSION = YES;
				CLANG_WARN_INT_CONVERSION = YES;
				CLANG_WARN_NON_LITERAL_NULL_CONVERSION = YES;
				CLANG_WARN_OBJC_IMPLICIT_RETAIN_SELF = YES;
				CLANG_WARN_OBJC_LITERAL_CONVERSION = YES;
				CLANG_WARN_OBJC_ROOT_CLASS = YES_ERROR;
				CLANG_WARN_RANGE_LOOP_ANALYSIS = YES;
				CLANG_WARN_STRICT_PROTOTYPES = YES;
				CLANG_WARN_SUSPICIOUS_MOVE = YES;
				CLANG_WARN_UNGUARDED_AVAILABILITY = YES_AGGRESSIVE;
				CLANG_WARN_UNREACHABLE_CODE = YES;
				CLANG_WARN__DUPLICATE_METHOD_MATCH = YES;
				COPY_PHASE_STRIP = NO;
				DEBUG_INFORMATION_FORMAT = "dwarf-with-dsym";
				ENABLE_NS_ASSERTIONS = NO;
				ENABLE_STRICT_OBJC_MSGSEND = YES;
				GCC_C_LANGUAGE_STANDARD = gnu11;
				GCC_NO_COMMON_BLOCKS = YES;
				GCC_WARN_64_TO_32_BIT_CONVERSION = YES;
				GCC_WARN_ABOUT_RETURN_TYPE = YES_ERROR;
				GCC_WARN_UNDECLARED_SELECTOR = YES;
				GCC_WARN_UNINITIALIZED_AUTOS = YES_AGGRESSIVE;
				GCC_WARN_UNUSED_FUNCTION = YES;
				GCC_WARN_UNUSED_VARIABLE = YES;
				IPHONEOS_DEPLOYMENT_TARGET = 13.5;
				MTL_ENABLE_DEBUG_INFO = NO;
				MTL_FAST_MATH = YES;
				SDKROOT = iphoneos;
				SWIFT_COMPILATION_MODE = wholemodule;
				SWIFT_OPTIMIZATION_LEVEL = "-O";
				VALIDATE_PRODUCT = YES;
			};
			name = Release;
		};
		EEDFCD9A25591A76003E2F45 /* Debug */ = {
			isa = XCBuildConfiguration;
			buildSettings = {
				ASSETCATALOG_COMPILER_APPICON_NAME = AppIcon;
				CODE_SIGN_STYLE = Automatic;
				DEVELOPMENT_TEAM = NM8JJUDFSC;
				INFOPLIST_FILE = "YT-APP/Info.plist";
				LD_RUNPATH_SEARCH_PATHS = (
					"$(inherited)",
					"@executable_path/Frameworks",
				);
				PRODUCT_BUNDLE_IDENTIFIER = "JIS.YT-APP";
				PRODUCT_NAME = "$(TARGET_NAME)";
				SWIFT_VERSION = 5.0;
				TARGETED_DEVICE_FAMILY = "1,2";
			};
			name = Debug;
		};
		EEDFCD9B25591A76003E2F45 /* Release */ = {
			isa = XCBuildConfiguration;
			buildSettings = {
				ASSETCATALOG_COMPILER_APPICON_NAME = AppIcon;
				CODE_SIGN_STYLE = Automatic;
				DEVELOPMENT_TEAM = NM8JJUDFSC;
				INFOPLIST_FILE = "YT-APP/Info.plist";
				LD_RUNPATH_SEARCH_PATHS = (
					"$(inherited)",
					"@executable_path/Frameworks",
				);
				PRODUCT_BUNDLE_IDENTIFIER = "JIS.YT-APP";
				PRODUCT_NAME = "$(TARGET_NAME)";
				SWIFT_VERSION = 5.0;
				TARGETED_DEVICE_FAMILY = "1,2";
			};
			name = Release;
		};
/* End XCBuildConfiguration section */

/* Begin XCConfigurationList section */
		EEDFCD8025591A71003E2F45 /* Build configuration list for PBXProject "YT-APP" */ = {
			isa = XCConfigurationList;
			buildConfigurations = (
				EEDFCD9725591A76003E2F45 /* Debug */,
				EEDFCD9825591A76003E2F45 /* Release */,
			);
			defaultConfigurationIsVisible = 0;
			defaultConfigurationName = Release;
		};
		EEDFCD9925591A76003E2F45 /* Build configuration list for PBXNativeTarget "YT-APP" */ = {
			isa = XCConfigurationList;
			buildConfigurations = (
				EEDFCD9A25591A76003E2F45 /* Debug */,
				EEDFCD9B25591A76003E2F45 /* Release */,
			);
			defaultConfigurationIsVisible = 0;
			defaultConfigurationName = Release;
		};
/* End XCConfigurationList section */
	};
	rootObject = EEDFCD7D25591A71003E2F45 /* Project object */;
}
